// !$*UTF8*$!
{
	archiveVersion = 1;
	classes = {
	};
	objectVersion = 50;
	objects = {

/* Begin PBXBuildFile section */
		A16BF0A91650D0E646AE4E1D /* Pods_ChartsInequalityBugExample.framework in Frameworks */ = {isa = PBXBuildFile; fileRef = 5ACB91D5167096E022F21598 /* Pods_ChartsInequalityBugExample.framework */; };
		B8D207642214A4E800EF05DB /* AppDelegate.swift in Sources */ = {isa = PBXBuildFile; fileRef = B8D207632214A4E800EF05DB /* AppDelegate.swift */; };
		B8D2076B2214A4EA00EF05DB /* Assets.xcassets in Resources */ = {isa = PBXBuildFile; fileRef = B8D2076A2214A4EA00EF05DB /* Assets.xcassets */; };
		B8D2076E2214A4EA00EF05DB /* LaunchScreen.storyboard in Resources */ = {isa = PBXBuildFile; fileRef = B8D2076C2214A4EA00EF05DB /* LaunchScreen.storyboard */; };
/* End PBXBuildFile section */

/* Begin PBXFileReference section */
		5ACB91D5167096E022F21598 /* Pods_ChartsInequalityBugExample.framework */ = {isa = PBXFileReference; explicitFileType = wrapper.framework; includeInIndex = 0; path = Pods_ChartsInequalityBugExample.framework; sourceTree = BUILT_PRODUCTS_DIR; };
		785EF9EEC3F4174F4BAC0275 /* Pods-ChartsInequalityBugExample.release.xcconfig */ = {isa = PBXFileReference; includeInIndex = 1; lastKnownFileType = text.xcconfig; name = "Pods-ChartsInequalityBugExample.release.xcconfig"; path = "Pods/Target Support Files/Pods-ChartsInequalityBugExample/Pods-ChartsInequalityBugExample.release.xcconfig"; sourceTree = "<group>"; };
		B8D207602214A4E800EF05DB /* ChartsInequalityBugExample.app */ = {isa = PBXFileReference; explicitFileType = wrapper.application; includeInIndex = 0; path = ChartsInequalityBugExample.app; sourceTree = BUILT_PRODUCTS_DIR; };
		B8D207632214A4E800EF05DB /* AppDelegate.swift */ = {isa = PBXFileReference; lastKnownFileType = sourcecode.swift; path = AppDelegate.swift; sourceTree = "<group>"; };
		B8D2076A2214A4EA00EF05DB /* Assets.xcassets */ = {isa = PBXFileReference; lastKnownFileType = folder.assetcatalog; path = Assets.xcassets; sourceTree = "<group>"; };
		B8D2076D2214A4EA00EF05DB /* Base */ = {isa = PBXFileReference; lastKnownFileType = file.storyboard; name = Base; path = Base.lproj/LaunchScreen.storyboard; sourceTree = "<group>"; };
		B8D2076F2214A4EA00EF05DB /* Info.plist */ = {isa = PBXFileReference; lastKnownFileType = text.plist.xml; path = Info.plist; sourceTree = "<group>"; };
		B8D207762214C10300EF05DB /* Example.playground */ = {isa = PBXFileReference; lastKnownFileType = file.playground; path = Example.playground; sourceTree = "<group>"; xcLanguageSpecificationIdentifier = xcode.lang.swift; };
		BA80EF12F58C77DCE04337E2 /* Pods-ChartsInequalityBugExample.debug.xcconfig */ = {isa = PBXFileReference; includeInIndex = 1; lastKnownFileType = text.xcconfig; name = "Pods-ChartsInequalityBugExample.debug.xcconfig"; path = "Pods/Target Support Files/Pods-ChartsInequalityBugExample/Pods-ChartsInequalityBugExample.debug.xcconfig"; sourceTree = "<group>"; };
/* End PBXFileReference section */

/* Begin PBXFrameworksBuildPhase section */
		B8D2075D2214A4E800EF05DB /* Frameworks */ = {
			isa = PBXFrameworksBuildPhase;
			buildActionMask = 2147483647;
			files = (
				A16BF0A91650D0E646AE4E1D /* Pods_ChartsInequalityBugExample.framework in Frameworks */,
			);
			runOnlyForDeploymentPostprocessing = 0;
		};
/* End PBXFrameworksBuildPhase section */

/* Begin PBXGroup section */
		B8D207572214A4E800EF05DB = {
			isa = PBXGroup;
			children = (
				B8D207622214A4E800EF05DB /* ChartsInequalityBugExample */,
				B8D207612214A4E800EF05DB /* Products */,
				CDD4D67DDA8A44EAAF586C87 /* Pods */,
				E23C55A740CC1B13881328FE /* Frameworks */,
			);
			sourceTree = "<group>";
		};
		B8D207612214A4E800EF05DB /* Products */ = {
			isa = PBXGroup;
			children = (
				B8D207602214A4E800EF05DB /* ChartsInequalityBugExample.app */,
			);
			name = Products;
			sourceTree = "<group>";
		};
		B8D207622214A4E800EF05DB /* ChartsInequalityBugExample */ = {
			isa = PBXGroup;
			children = (
				B8D207632214A4E800EF05DB /* AppDelegate.swift */,
				B8D2076A2214A4EA00EF05DB /* Assets.xcassets */,
				B8D2076C2214A4EA00EF05DB /* LaunchScreen.storyboard */,
				B8D2076F2214A4EA00EF05DB /* Info.plist */,
				B8D207762214C10300EF05DB /* Example.playground */,
			);
			path = ChartsInequalityBugExample;
			sourceTree = "<group>";
		};
		CDD4D67DDA8A44EAAF586C87 /* Pods */ = {
			isa = PBXGroup;
			children = (
				BA80EF12F58C77DCE04337E2 /* Pods-ChartsInequalityBugExample.debug.xcconfig */,
				785EF9EEC3F4174F4BAC0275 /* Pods-ChartsInequalityBugExample.release.xcconfig */,
			);
			name = Pods;
			sourceTree = "<group>";
		};
		E23C55A740CC1B13881328FE /* Frameworks */ = {
			isa = PBXGroup;
			children = (
				5ACB91D5167096E022F21598 /* Pods_ChartsInequalityBugExample.framework */,
			);
			name = Frameworks;
			sourceTree = "<group>";
		};
/* End PBXGroup section */

/* Begin PBXNativeTarget section */
		B8D2075F2214A4E800EF05DB /* ChartsInequalityBugExample */ = {
			isa = PBXNativeTarget;
			buildConfigurationList = B8D207722214A4EA00EF05DB /* Build configuration list for PBXNativeTarget "ChartsInequalityBugExample" */;
			buildPhases = (
				C1FB18D2182986045038F6A9 /* [CP] Check Pods Manifest.lock */,
				B8D2075C2214A4E800EF05DB /* Sources */,
				B8D2075D2214A4E800EF05DB /* Frameworks */,
				B8D2075E2214A4E800EF05DB /* Resources */,
				F6C0EBE7A181B98DC0B7001F /* [CP] Embed Pods Frameworks */,
			);
			buildRules = (
			);
			dependencies = (
			);
			name = ChartsInequalityBugExample;
			productName = ChartsInequalityBugExample;
			productReference = B8D207602214A4E800EF05DB /* ChartsInequalityBugExample.app */;
			productType = "com.apple.product-type.application";
		};
/* End PBXNativeTarget section */

/* Begin PBXProject section */
		B8D207582214A4E800EF05DB /* Project object */ = {
			isa = PBXProject;
			attributes = {
				LastSwiftUpdateCheck = 1010;
				LastUpgradeCheck = 1010;
				ORGANIZATIONNAME = "Jim Boulter";
				TargetAttributes = {
					B8D2075F2214A4E800EF05DB = {
						CreatedOnToolsVersion = 10.1;
					};
				};
			};
			buildConfigurationList = B8D2075B2214A4E800EF05DB /* Build configuration list for PBXProject "ChartsInequalityBugExample" */;
			compatibilityVersion = "Xcode 9.3";
			developmentRegion = en;
			hasScannedForEncodings = 0;
			knownRegions = (
				en,
				Base,
			);
			mainGroup = B8D207572214A4E800EF05DB;
			productRefGroup = B8D207612214A4E800EF05DB /* Products */;
			projectDirPath = "";
			projectRoot = "";
			targets = (
				B8D2075F2214A4E800EF05DB /* ChartsInequalityBugExample */,
			);
		};
/* End PBXProject section */

/* Begin PBXResourcesBuildPhase section */
		B8D2075E2214A4E800EF05DB /* Resources */ = {
			isa = PBXResourcesBuildPhase;
			buildActionMask = 2147483647;
			files = (
				B8D2076E2214A4EA00EF05DB /* LaunchScreen.storyboard in Resources */,
				B8D2076B2214A4EA00EF05DB /* Assets.xcassets in Resources */,
			);
			runOnlyForDeploymentPostprocessing = 0;
		};
/* End PBXResourcesBuildPhase section */

/* Begin PBXShellScriptBuildPhase section */
		C1FB18D2182986045038F6A9 /* [CP] Check Pods Manifest.lock */ = {
			isa = PBXShellScriptBuildPhase;
			buildActionMask = 2147483647;
			files = (
			);
			inputFileListPaths = (
			);
			inputPaths = (
				"${PODS_PODFILE_DIR_PATH}/Podfile.lock",
				"${PODS_ROOT}/Manifest.lock",
			);
			name = "[CP] Check Pods Manifest.lock";
			outputFileListPaths = (
			);
			outputPaths = (
				"$(DERIVED_FILE_DIR)/Pods-ChartsInequalityBugExample-checkManifestLockResult.txt",
			);
			runOnlyForDeploymentPostprocessing = 0;
			shellPath = /bin/sh;
			shellScript = "diff \"${PODS_PODFILE_DIR_PATH}/Podfile.lock\" \"${PODS_ROOT}/Manifest.lock\" > /dev/null\nif [ $? != 0 ] ; then\n    # print error to STDERR\n    echo \"error: The sandbox is not in sync with the Podfile.lock. Run 'pod install' or update your CocoaPods installation.\" >&2\n    exit 1\nfi\n# This output is used by Xcode 'outputs' to avoid re-running this script phase.\necho \"SUCCESS\" > \"${SCRIPT_OUTPUT_FILE_0}\"\n";
			showEnvVarsInLog = 0;
		};
		F6C0EBE7A181B98DC0B7001F /* [CP] Embed Pods Frameworks */ = {
			isa = PBXShellScriptBuildPhase;
			buildActionMask = 2147483647;
			files = (
			);
			inputFileListPaths = (
			);
			inputPaths = (
				"${SRCROOT}/Pods/Target Support Files/Pods-ChartsInequalityBugExample/Pods-ChartsInequalityBugExample-frameworks.sh",
				"${BUILT_PRODUCTS_DIR}/Charts/Charts.framework",
			);
			name = "[CP] Embed Pods Frameworks";
			outputFileListPaths = (
			);
			outputPaths = (
				"${TARGET_BUILD_DIR}/${FRAMEWORKS_FOLDER_PATH}/Charts.framework",
			);
			runOnlyForDeploymentPostprocessing = 0;
			shellPath = /bin/sh;
			shellScript = "\"${SRCROOT}/Pods/Target Support Files/Pods-ChartsInequalityBugExample/Pods-ChartsInequalityBugExample-frameworks.sh\"\n";
			showEnvVarsInLog = 0;
		};
/* End PBXShellScriptBuildPhase section */

/* Begin PBXSourcesBuildPhase section */
		B8D2075C2214A4E800EF05DB /* Sources */ = {
			isa = PBXSourcesBuildPhase;
			buildActionMask = 2147483647;
			files = (
				B8D207642214A4E800EF05DB /* AppDelegate.swift in Sources */,
			);
			runOnlyForDeploymentPostprocessing = 0;
		};
/* End PBXSourcesBuildPhase section */

/* Begin PBXVariantGroup section */
		B8D2076C2214A4EA00EF05DB /* LaunchScreen.storyboard */ = {
			isa = PBXVariantGroup;
			children = (
				B8D2076D2214A4EA00EF05DB /* Base */,
			);
			name = LaunchScreen.storyboard;
			sourceTree = "<group>";
		};
/* End PBXVariantGroup section */

/* Begin XCBuildConfiguration section */
		B8D207702214A4EA00EF05DB /* Debug */ = {
			isa = XCBuildConfiguration;
			buildSettings = {
				ALWAYS_SEARCH_USER_PATHS = NO;
				CLANG_ANALYZER_NONNULL = YES;
				CLANG_ANALYZER_NUMBER_OBJECT_CONVERSION = YES_AGGRESSIVE;
				CLANG_CXX_LANGUAGE_STANDARD = "gnu++14";
				CLANG_CXX_LIBRARY = "libc++";
				CLANG_ENABLE_MODULES = YES;
				CLANG_ENABLE_OBJC_ARC = YES;
				CLANG_ENABLE_OBJC_WEAK = YES;
				CLANG_WARN_BLOCK_CAPTURE_AUTORELEASING = YES;
				CLANG_WARN_BOOL_CONVERSION = YES;
				CLANG_WARN_COMMA = YES;
				CLANG_WARN_CONSTANT_CONVERSION = YES;
				CLANG_WARN_DEPRECATED_OBJC_IMPLEMENTATIONS = YES;
				CLANG_WARN_DIRECT_OBJC_ISA_USAGE = YES_ERROR;
				CLANG_WARN_DOCUMENTATION_COMMENTS = YES;
				CLANG_WARN_EMPTY_BODY = YES;
				CLANG_WARN_ENUM_CONVERSION = YES;
				CLANG_WARN_INFINITE_RECURSION = YES;
				CLANG_WARN_INT_CONVERSION = YES;
				CLANG_WARN_NON_LITERAL_NULL_CONVERSION = YES;
				CLANG_WARN_OBJC_IMPLICIT_RETAIN_SELF = YES;
				CLANG_WARN_OBJC_LITERAL_CONVERSION = YES;
				CLANG_WARN_OBJC_ROOT_CLASS = YES_ERROR;
				CLANG_WARN_RANGE_LOOP_ANALYSIS = YES;
				CLANG_WARN_STRICT_PROTOTYPES = YES;
				CLANG_WARN_SUSPICIOUS_MOVE = YES;
				CLANG_WARN_UNGUARDED_AVAILABILITY = YES_AGGRESSIVE;
				CLANG_WARN_UNREACHABLE_CODE = YES;
				CLANG_WARN__DUPLICATE_METHOD_MATCH = YES;
				CODE_SIGN_IDENTITY = "iPhone Developer";
				COPY_PHASE_STRIP = NO;
				DEBUG_INFORMATION_FORMAT = dwarf;
				ENABLE_STRICT_OBJC_MSGSEND = YES;
				ENABLE_TESTABILITY = YES;
				GCC_C_LANGUAGE_STANDARD = gnu11;
				GCC_DYNAMIC_NO_PIC = NO;
				GCC_NO_COMMON_BLOCKS = YES;
				GCC_OPTIMIZATION_LEVEL = 0;
				GCC_PREPROCESSOR_DEFINITIONS = (
					"DEBUG=1",
					"$(inherited)",
				);
				GCC_WARN_64_TO_32_BIT_CONVERSION = YES;
				GCC_WARN_ABOUT_RETURN_TYPE = YES_ERROR;
				GCC_WARN_UNDECLARED_SELECTOR = YES;
				GCC_WARN_UNINITIALIZED_AUTOS = YES_AGGRESSIVE;
				GCC_WARN_UNUSED_FUNCTION = YES;
				GCC_WARN_UNUSED_VARIABLE = YES;
				IPHONEOS_DEPLOYMENT_TARGET = 12.1;
				MTL_ENABLE_DEBUG_INFO = INCLUDE_SOURCE;
				MTL_FAST_MATH = YES;
				ONLY_ACTIVE_ARCH = YES;
				SDKROOT = iphoneos;
				SWIFT_ACTIVE_COMPILATION_CONDITIONS = DEBUG;
				SWIFT_OPTIMIZATION_LEVEL = "-Onone";
			};
			name = Debug;
		};
		B8D207712214A4EA00EF05DB /* Release */ = {
			isa = XCBuildConfiguration;
			buildSettings = {
				ALWAYS_SEARCH_USER_PATHS = NO;
				CLANG_ANALYZER_NONNULL = YES;
				CLANG_ANALYZER_NUMBER_OBJECT_CONVERSION = YES_AGGRESSIVE;
				CLANG_CXX_LANGUAGE_STANDARD = "gnu++14";
				CLANG_CXX_LIBRARY = "libc++";
				CLANG_ENABLE_MODULES = YES;
				CLANG_ENABLE_OBJC_ARC = YES;
				CLANG_ENABLE_OBJC_WEAK = YES;
				CLANG_WARN_BLOCK_CAPTURE_AUTORELEASING = YES;
				CLANG_WARN_BOOL_CONVERSION = YES;
				CLANG_WARN_COMMA = YES;
				CLANG_WARN_CONSTANT_CONVERSION = YES;
				CLANG_WARN_DEPRECATED_OBJC_IMPLEMENTATIONS = YES;
				CLANG_WARN_DIRECT_OBJC_ISA_USAGE = YES_ERROR;
				CLANG_WARN_DOCUMENTATION_COMMENTS = YES;
				CLANG_WARN_EMPTY_BODY = YES;
				CLANG_WARN_ENUM_CONVERSION = YES;
				CLANG_WARN_INFINITE_RECURSION = YES;
				CLANG_WARN_INT_CONVERSION = YES;
				CLANG_WARN_NON_LITERAL_NULL_CONVERSION = YES;
				CLANG_WARN_OBJC_IMPLICIT_RETAIN_SELF = YES;
				CLANG_WARN_OBJC_LITERAL_CONVERSION = YES;
				CLANG_WARN_OBJC_ROOT_CLASS = YES_ERROR;
				CLANG_WARN_RANGE_LOOP_ANALYSIS = YES;
				CLANG_WARN_STRICT_PROTOTYPES = YES;
				CLANG_WARN_SUSPICIOUS_MOVE = YES;
				CLANG_WARN_UNGUARDED_AVAILABILITY = YES_AGGRESSIVE;
				CLANG_WARN_UNREACHABLE_CODE = YES;
				CLANG_WARN__DUPLICATE_METHOD_MATCH = YES;
				CODE_SIGN_IDENTITY = "iPhone Developer";
				COPY_PHASE_STRIP = NO;
				DEBUG_INFORMATION_FORMAT = "dwarf-with-dsym";
				ENABLE_NS_ASSERTIONS = NO;
				ENABLE_STRICT_OBJC_MSGSEND = YES;
				GCC_C_LANGUAGE_STANDARD = gnu11;
				GCC_NO_COMMON_BLOCKS = YES;
				GCC_WARN_64_TO_32_BIT_CONVERSION = YES;
				GCC_WARN_ABOUT_RETURN_TYPE = YES_ERROR;
				GCC_WARN_UNDECLARED_SELECTOR = YES;
				GCC_WARN_UNINITIALIZED_AUTOS = YES_AGGRESSIVE;
				GCC_WARN_UNUSED_FUNCTION = YES;
				GCC_WARN_UNUSED_VARIABLE = YES;
				IPHONEOS_DEPLOYMENT_TARGET = 12.1;
				MTL_ENABLE_DEBUG_INFO = NO;
				MTL_FAST_MATH = YES;
				SDKROOT = iphoneos;
				SWIFT_COMPILATION_MODE = wholemodule;
				SWIFT_OPTIMIZATION_LEVEL = "-O";
				VALIDATE_PRODUCT = YES;
			};
			name = Release;
		};
		B8D207732214A4EA00EF05DB /* Debug */ = {
			isa = XCBuildConfiguration;
			baseConfigurationReference = BA80EF12F58C77DCE04337E2 /* Pods-ChartsInequalityBugExample.debug.xcconfig */;
			buildSettings = {
				ASSETCATALOG_COMPILER_APPICON_NAME = AppIcon;
				CODE_SIGN_STYLE = Automatic;
				DEVELOPMENT_TEAM = 9CP455957F;
				INFOPLIST_FILE = ChartsInequalityBugExample/Info.plist;
				LD_RUNPATH_SEARCH_PATHS = (
					"$(inherited)",
					"@executable_path/Frameworks",
				);
				PRODUCT_BUNDLE_IDENTIFIER = com.JimBoulter.ChartsInequalityBugExample;
				PRODUCT_NAME = "$(TARGET_NAME)";
				SWIFT_VERSION = 4.2;
				TARGETED_DEVICE_FAMILY = "1,2";
			};
			name = Debug;
		};
		B8D207742214A4EA00EF05DB /* Release */ = {
			isa = XCBuildConfiguration;
			baseConfigurationReference = 785EF9EEC3F4174F4BAC0275 /* Pods-ChartsInequalityBugExample.release.xcconfig */;
			buildSettings = {
				ASSETCATALOG_COMPILER_APPICON_NAME = AppIcon;
				CODE_SIGN_STYLE = Automatic;
				DEVELOPMENT_TEAM = 9CP455957F;
				INFOPLIST_FILE = ChartsInequalityBugExample/Info.plist;
				LD_RUNPATH_SEARCH_PATHS = (
					"$(inherited)",
					"@executable_path/Frameworks",
				);
				PRODUCT_BUNDLE_IDENTIFIER = com.JimBoulter.ChartsInequalityBugExample;
				PRODUCT_NAME = "$(TARGET_NAME)";
				SWIFT_VERSION = 4.2;
				TARGETED_DEVICE_FAMILY = "1,2";
			};
			name = Release;
		};
/* End XCBuildConfiguration section */

/* Begin XCConfigurationList section */
		B8D2075B2214A4E800EF05DB /* Build configuration list for PBXProject "ChartsInequalityBugExample" */ = {
			isa = XCConfigurationList;
			buildConfigurations = (
				B8D207702214A4EA00EF05DB /* Debug */,
				B8D207712214A4EA00EF05DB /* Release */,
			);
			defaultConfigurationIsVisible = 0;
			defaultConfigurationName = Release;
		};
		B8D207722214A4EA00EF05DB /* Build configuration list for PBXNativeTarget "ChartsInequalityBugExample" */ = {
			isa = XCConfigurationList;
			buildConfigurations = (
				B8D207732214A4EA00EF05DB /* Debug */,
				B8D207742214A4EA00EF05DB /* Release */,
			);
			defaultConfigurationIsVisible = 0;
			defaultConfigurationName = Release;
		};
/* End XCConfigurationList section */
	};
	rootObject = B8D207582214A4E800EF05DB /* Project object */;
}
